// !$*UTF8*$!
{
	archiveVersion = 1;
	classes = {
	};
	objectVersion = 70;
	objects = {

/* Begin PBXBuildFile section */
		21271577C6E334BBB83DA1F1 /* InfiniteQueryExampleScreen.swift in Sources */ = {isa = PBXBuildFile; fileRef = 55341A711BDCB636C6C203FB /* InfiniteQueryExampleScreen.swift */; };
		251350E8BD1102A77EB32FA1 /* MutationExampleScreen.swift in Sources */ = {isa = PBXBuildFile; fileRef = CE4642AF569E7798C9F359C0 /* MutationExampleScreen.swift */; };
		2D713D3A90F8027D2D594469 /* SunKitSwiftUI in Frameworks */ = {isa = PBXBuildFile; productRef = B946C2801AFA044094527D0F /* SunKitSwiftUI */; };
		3B83D34C3AD445D2849F28D4 /* QueryInvalidationExampleScreen.swift in Sources */ = {isa = PBXBuildFile; fileRef = 72B35C15515142368F39D214 /* QueryInvalidationExampleScreen.swift */; };
		51CA7DA79FFB2C1F44761BA4 /* PaginatedQueryExampleScreen.swift in Sources */ = {isa = PBXBuildFile; fileRef = AD0F6CA28AC39DB9669F0815 /* PaginatedQueryExampleScreen.swift */; };
		522B31E5D3FE628775A18FC9 /* GitHubAPI.swift in Sources */ = {isa = PBXBuildFile; fileRef = 2BB7725F62E64F57CAB57C20 /* GitHubAPI.swift */; };
		58D7A1E3C9B24E8D9A01C7F2 /* DynamicQueryBindingExampleScreen.swift in Sources */ = {isa = PBXBuildFile; fileRef = 4E2C870B5D9C463EAA27914F /* DynamicQueryBindingExampleScreen.swift */; };
		5A8332C4DB255F319690C41E /* SunKit in Frameworks */ = {isa = PBXBuildFile; productRef = 839B6107A0C06342A090A156 /* SunKit */; };
		604FCD483331047395D8E2F4 /* QueryExampleScreen.swift in Sources */ = {isa = PBXBuildFile; fileRef = 0C942F14D8A52D96FB992DFD /* QueryExampleScreen.swift */; };
		6F59D9E7C8A3485D9EB8314A /* StateBackedPaginatedQueryExampleScreen.swift in Sources */ = {isa = PBXBuildFile; fileRef = 37D8A57C5E47430D89E3C7E9 /* StateBackedPaginatedQueryExampleScreen.swift */; };
		700C1CB3FD78E9457861F75E /* SunKitExampleApp.swift in Sources */ = {isa = PBXBuildFile; fileRef = 45C4C85E470BDD0C09FBD4F8 /* SunKitExampleApp.swift */; };
		7C08D3999B3F4E42A8B7D551 /* ParallelQueriesBindingModifierExampleScreen.swift in Sources */ = {isa = PBXBuildFile; fileRef = 93F0B71A5C6D4E82B1A907D3 /* ParallelQueriesBindingModifierExampleScreen.swift */; };
		88D7B7E82E344A778D6EBE34 /* SelectExampleScreen.swift in Sources */ = {isa = PBXBuildFile; fileRef = 1E077D9809E1400FA7F3339F /* SelectExampleScreen.swift */; };
		A1B2C3D4E5F60718293A4B5C /* EnabledExampleScreen.swift in Sources */ = {isa = PBXBuildFile; fileRef = B1C2D3E4F5061728394A5B6C /* EnabledExampleScreen.swift */; };
		B39A5056D06CB63A248CC450 /* ContentView.swift in Sources */ = {isa = PBXBuildFile; fileRef = 45A2AE4E00FA40DBA6D473A2 /* ContentView.swift */; };
		D91F27C8149506312A641529 /* ExampleRows.swift in Sources */ = {isa = PBXBuildFile; fileRef = D04741D2A1BBFD469E2E70FF /* ExampleRows.swift */; };
/* End PBXBuildFile section */

/* Begin PBXContainerItemProxy section */
		A3E4A3D62FC60CC70051BB28 /* PBXContainerItemProxy */ = {
			isa = PBXContainerItemProxy;
			containerPortal = 92882365D402AB7B3412DC9A /* Project object */;
			proxyType = 1;
			remoteGlobalIDString = D5382223E45ADEF694DDF807;
			remoteInfo = SunKitExample;
		};
/* End PBXContainerItemProxy section */

/* Begin PBXFileReference section */
		0C942F14D8A52D96FB992DFD /* QueryExampleScreen.swift */ = {isa = PBXFileReference; lastKnownFileType = sourcecode.swift; path = QueryExampleScreen.swift; sourceTree = "<group>"; };
		1E077D9809E1400FA7F3339F /* SelectExampleScreen.swift */ = {isa = PBXFileReference; lastKnownFileType = sourcecode.swift; path = SelectExampleScreen.swift; sourceTree = "<group>"; };
		2BB7725F62E64F57CAB57C20 /* GitHubAPI.swift */ = {isa = PBXFileReference; lastKnownFileType = sourcecode.swift; path = GitHubAPI.swift; sourceTree = "<group>"; };
		37D8A57C5E47430D89E3C7E9 /* StateBackedPaginatedQueryExampleScreen.swift */ = {isa = PBXFileReference; lastKnownFileType = sourcecode.swift; path = StateBackedPaginatedQueryExampleScreen.swift; sourceTree = "<group>"; };
		45A2AE4E00FA40DBA6D473A2 /* ContentView.swift */ = {isa = PBXFileReference; lastKnownFileType = sourcecode.swift; path = ContentView.swift; sourceTree = "<group>"; };
		45C4C85E470BDD0C09FBD4F8 /* SunKitExampleApp.swift */ = {isa = PBXFileReference; lastKnownFileType = sourcecode.swift; path = SunKitExampleApp.swift; sourceTree = "<group>"; };
		4E2C870B5D9C463EAA27914F /* DynamicQueryBindingExampleScreen.swift */ = {isa = PBXFileReference; lastKnownFileType = sourcecode.swift; path = DynamicQueryBindingExampleScreen.swift; sourceTree = "<group>"; };
		55341A711BDCB636C6C203FB /* InfiniteQueryExampleScreen.swift */ = {isa = PBXFileReference; lastKnownFileType = sourcecode.swift; path = InfiniteQueryExampleScreen.swift; sourceTree = "<group>"; };
		6A7F06FC3304693826FE09AA /* SunKitExample.app */ = {isa = PBXFileReference; includeInIndex = 0; lastKnownFileType = wrapper.application; path = SunKitExample.app; sourceTree = BUILT_PRODUCTS_DIR; };
		72B35C15515142368F39D214 /* QueryInvalidationExampleScreen.swift */ = {isa = PBXFileReference; lastKnownFileType = sourcecode.swift; path = QueryInvalidationExampleScreen.swift; sourceTree = "<group>"; };
		93F0B71A5C6D4E82B1A907D3 /* ParallelQueriesBindingModifierExampleScreen.swift */ = {isa = PBXFileReference; lastKnownFileType = sourcecode.swift; path = ParallelQueriesBindingModifierExampleScreen.swift; sourceTree = "<group>"; };
		A3E4A3D02FC60CC70051BB28 /* SunKitExampleUITests.xctest */ = {isa = PBXFileReference; explicitFileType = wrapper.cfbundle; includeInIndex = 0; path = SunKitExampleUITests.xctest; sourceTree = BUILT_PRODUCTS_DIR; };
		A3E4A3DB2FC60E790051BB28 /* SunKitExample.xctestplan */ = {isa = PBXFileReference; lastKnownFileType = text; path = SunKitExample.xctestplan; sourceTree = "<group>"; };
		AD0F6CA28AC39DB9669F0815 /* PaginatedQueryExampleScreen.swift */ = {isa = PBXFileReference; lastKnownFileType = sourcecode.swift; path = PaginatedQueryExampleScreen.swift; sourceTree = "<group>"; };
		B1C2D3E4F5061728394A5B6C /* EnabledExampleScreen.swift */ = {isa = PBXFileReference; lastKnownFileType = sourcecode.swift; path = EnabledExampleScreen.swift; sourceTree = "<group>"; };
		CE4642AF569E7798C9F359C0 /* MutationExampleScreen.swift */ = {isa = PBXFileReference; lastKnownFileType = sourcecode.swift; path = MutationExampleScreen.swift; sourceTree = "<group>"; };
		D04741D2A1BBFD469E2E70FF /* ExampleRows.swift */ = {isa = PBXFileReference; lastKnownFileType = sourcecode.swift; path = ExampleRows.swift; sourceTree = "<group>"; };
		E157ADEC7CE1CDEB86330801 /* SunKit */ = {isa = PBXFileReference; lastKnownFileType = folder; name = SunKit; path = ../..; sourceTree = SOURCE_ROOT; };
/* End PBXFileReference section */

/* Begin PBXFileSystemSynchronizedRootGroup section */
		A3E4A3D12FC60CC70051BB28 /* SunKitExampleUITests */ = {isa = PBXFileSystemSynchronizedRootGroup; explicitFileTypes = {}; explicitFolders = (); path = SunKitExampleUITests; sourceTree = "<group>"; };
/* End PBXFileSystemSynchronizedRootGroup section */

/* Begin PBXFrameworksBuildPhase section */
		990E007493BF433E466B0B53 /* Frameworks */ = {
			isa = PBXFrameworksBuildPhase;
			buildActionMask = 2147483647;
			files = (
				5A8332C4DB255F319690C41E /* SunKit in Frameworks */,
				2D713D3A90F8027D2D594469 /* SunKitSwiftUI in Frameworks */,
			);
			runOnlyForDeploymentPostprocessing = 0;
		};
		A3E4A3CD2FC60CC70051BB28 /* Frameworks */ = {
			isa = PBXFrameworksBuildPhase;
			buildActionMask = 2147483647;
			files = (
			);
			runOnlyForDeploymentPostprocessing = 0;
		};
/* End PBXFrameworksBuildPhase section */

/* Begin PBXGroup section */
		1391C2E8D9D533497ED0FA0F = {
			isa = PBXGroup;
			children = (
				A3E4A3DB2FC60E790051BB28 /* SunKitExample.xctestplan */,
				9D1DB36FDEDA48629A379FB6 /* Packages */,
				C3008AA7EF1F2BD45DECC455 /* SunKitExample */,
				A3E4A3D12FC60CC70051BB28 /* SunKitExampleUITests */,
				C4697A93BC0D6109E842FAC5 /* Products */,
			);
			sourceTree = "<group>";
		};
		9D1DB36FDEDA48629A379FB6 /* Packages */ = {
			isa = PBXGroup;
			children = (
				E157ADEC7CE1CDEB86330801 /* SunKit */,
			);
			name = Packages;
			sourceTree = "<group>";
		};
		C3008AA7EF1F2BD45DECC455 /* SunKitExample */ = {
			isa = PBXGroup;
			children = (
				45A2AE4E00FA40DBA6D473A2 /* ContentView.swift */,
				4E2C870B5D9C463EAA27914F /* DynamicQueryBindingExampleScreen.swift */,
				D04741D2A1BBFD469E2E70FF /* ExampleRows.swift */,
				2BB7725F62E64F57CAB57C20 /* GitHubAPI.swift */,
				55341A711BDCB636C6C203FB /* InfiniteQueryExampleScreen.swift */,
				CE4642AF569E7798C9F359C0 /* MutationExampleScreen.swift */,
				AD0F6CA28AC39DB9669F0815 /* PaginatedQueryExampleScreen.swift */,
				93F0B71A5C6D4E82B1A907D3 /* ParallelQueriesBindingModifierExampleScreen.swift */,
				0C942F14D8A52D96FB992DFD /* QueryExampleScreen.swift */,
				72B35C15515142368F39D214 /* QueryInvalidationExampleScreen.swift */,
				1E077D9809E1400FA7F3339F /* SelectExampleScreen.swift */,
				37D8A57C5E47430D89E3C7E9 /* StateBackedPaginatedQueryExampleScreen.swift */,
				B1C2D3E4F5061728394A5B6C /* EnabledExampleScreen.swift */,
				45C4C85E470BDD0C09FBD4F8 /* SunKitExampleApp.swift */,
			);
			path = SunKitExample;
			sourceTree = "<group>";
		};
		C4697A93BC0D6109E842FAC5 /* Products */ = {
			isa = PBXGroup;
			children = (
				6A7F06FC3304693826FE09AA /* SunKitExample.app */,
				A3E4A3D02FC60CC70051BB28 /* SunKitExampleUITests.xctest */,
			);
			name = Products;
			sourceTree = "<group>";
		};
/* End PBXGroup section */

/* Begin PBXNativeTarget section */
		A3E4A3CF2FC60CC70051BB28 /* SunKitExampleUITests */ = {
			isa = PBXNativeTarget;
			buildConfigurationList = A3E4A3DA2FC60CC70051BB28 /* Build configuration list for PBXNativeTarget "SunKitExampleUITests" */;
			buildPhases = (
				A3E4A3CC2FC60CC70051BB28 /* Sources */,
				A3E4A3CD2FC60CC70051BB28 /* Frameworks */,
				A3E4A3CE2FC60CC70051BB28 /* Resources */,
			);
			buildRules = (
			);
			dependencies = (
				A3E4A3D72FC60CC70051BB28 /* PBXTargetDependency */,
			);
			fileSystemSynchronizedGroups = (
				A3E4A3D12FC60CC70051BB28 /* SunKitExampleUITests */,
			);
			name = SunKitExampleUITests;
			packageProductDependencies = (
			);
			productName = SunKitExampleUITests;
			productReference = A3E4A3D02FC60CC70051BB28 /* SunKitExampleUITests.xctest */;
			productType = "com.apple.product-type.bundle.ui-testing";
		};
		D5382223E45ADEF694DDF807 /* SunKitExample */ = {
			isa = PBXNativeTarget;
			buildConfigurationList = 9068C5C21C78CB135990FA60 /* Build configuration list for PBXNativeTarget "SunKitExample" */;
			buildPhases = (
				9287DA9954221140DA36256D /* Sources */,
				990E007493BF433E466B0B53 /* Frameworks */,
			);
			buildRules = (
			);
			dependencies = (
			);
			name = SunKitExample;
			packageProductDependencies = (
				839B6107A0C06342A090A156 /* SunKit */,
				B946C2801AFA044094527D0F /* SunKitSwiftUI */,
			);
			productName = SunKitExample;
			productReference = 6A7F06FC3304693826FE09AA /* SunKitExample.app */;
			productType = "com.apple.product-type.application";
		};
/* End PBXNativeTarget section */

/* Begin PBXProject section */
		92882365D402AB7B3412DC9A /* Project object */ = {
			isa = PBXProject;
			attributes = {
				BuildIndependentTargetsInParallel = YES;
				LastSwiftUpdateCheck = 2640;
				LastUpgradeCheck = 1430;
				TargetAttributes = {
					A3E4A3CF2FC60CC70051BB28 = {
						CreatedOnToolsVersion = 26.4;
						TestTargetID = D5382223E45ADEF694DDF807;
					};
					D5382223E45ADEF694DDF807 = {
						DevelopmentTeam = "";
						ProvisioningStyle = Manual;
					};
				};
			};
			buildConfigurationList = 1C1FD78D5064AB253EC68BF8 /* Build configuration list for PBXProject "SunKitExample" */;
			compatibilityVersion = "Xcode 14.0";
			developmentRegion = en;
			hasScannedForEncodings = 0;
			knownRegions = (
				Base,
				en,
			);
			mainGroup = 1391C2E8D9D533497ED0FA0F;
			minimizedProjectReferenceProxies = 1;
			packageReferences = (
				1576202E9CE8B79CE470EA95 /* XCLocalSwiftPackageReference "../.." */,
			);
			projectDirPath = "";
			projectRoot = "";
			targets = (
				D5382223E45ADEF694DDF807 /* SunKitExample */,
				A3E4A3CF2FC60CC70051BB28 /* SunKitExampleUITests */,
			);
		};
/* End PBXProject section */

/* Begin PBXResourcesBuildPhase section */
		A3E4A3CE2FC60CC70051BB28 /* Resources */ = {
			isa = PBXResourcesBuildPhase;
			buildActionMask = 2147483647;
			files = (
			);
			runOnlyForDeploymentPostprocessing = 0;
		};
/* End PBXResourcesBuildPhase section */

/* Begin PBXSourcesBuildPhase section */
		9287DA9954221140DA36256D /* Sources */ = {
			isa = PBXSourcesBuildPhase;
			buildActionMask = 2147483647;
			files = (
				B39A5056D06CB63A248CC450 /* ContentView.swift in Sources */,
				D91F27C8149506312A641529 /* ExampleRows.swift in Sources */,
				522B31E5D3FE628775A18FC9 /* GitHubAPI.swift in Sources */,
				58D7A1E3C9B24E8D9A01C7F2 /* DynamicQueryBindingExampleScreen.swift in Sources */,
				21271577C6E334BBB83DA1F1 /* InfiniteQueryExampleScreen.swift in Sources */,
				251350E8BD1102A77EB32FA1 /* MutationExampleScreen.swift in Sources */,
				51CA7DA79FFB2C1F44761BA4 /* PaginatedQueryExampleScreen.swift in Sources */,
				7C08D3999B3F4E42A8B7D551 /* ParallelQueriesBindingModifierExampleScreen.swift in Sources */,
				604FCD483331047395D8E2F4 /* QueryExampleScreen.swift in Sources */,
				3B83D34C3AD445D2849F28D4 /* QueryInvalidationExampleScreen.swift in Sources */,
				88D7B7E82E344A778D6EBE34 /* SelectExampleScreen.swift in Sources */,
				6F59D9E7C8A3485D9EB8314A /* StateBackedPaginatedQueryExampleScreen.swift in Sources */,
				A1B2C3D4E5F60718293A4B5C /* EnabledExampleScreen.swift in Sources */,
				700C1CB3FD78E9457861F75E /* SunKitExampleApp.swift in Sources */,
			);
			runOnlyForDeploymentPostprocessing = 0;
		};
		A3E4A3CC2FC60CC70051BB28 /* Sources */ = {
			isa = PBXSourcesBuildPhase;
			buildActionMask = 2147483647;
			files = (
			);
			runOnlyForDeploymentPostprocessing = 0;
		};
/* End PBXSourcesBuildPhase section */

/* Begin PBXTargetDependency section */
		A3E4A3D72FC60CC70051BB28 /* PBXTargetDependency */ = {
			isa = PBXTargetDependency;
			target = D5382223E45ADEF694DDF807 /* SunKitExample */;
			targetProxy = A3E4A3D62FC60CC70051BB28 /* PBXContainerItemProxy */;
		};
/* End PBXTargetDependency section */

/* Begin XCBuildConfiguration section */
		0CACACCA878A6298A826906D /* Release */ = {
			isa = XCBuildConfiguration;
			buildSettings = {
				ALWAYS_SEARCH_USER_PATHS = NO;
				CLANG_ANALYZER_NONNULL = YES;
				CLANG_ANALYZER_NUMBER_OBJECT_CONVERSION = YES_AGGRESSIVE;
				CLANG_CXX_LANGUAGE_STANDARD = "gnu++14";
				CLANG_CXX_LIBRARY = "libc++";
				CLANG_ENABLE_MODULES = YES;
				CLANG_ENABLE_OBJC_ARC = YES;
				CLANG_ENABLE_OBJC_WEAK = YES;
				CLANG_WARN_BLOCK_CAPTURE_AUTORELEASING = YES;
				CLANG_WARN_BOOL_CONVERSION = YES;
				CLANG_WARN_COMMA = YES;
				CLANG_WARN_CONSTANT_CONVERSION = YES;
				CLANG_WARN_DEPRECATED_OBJC_IMPLEMENTATIONS = YES;
				CLANG_WARN_DIRECT_OBJC_ISA_USAGE = YES_ERROR;
				CLANG_WARN_DOCUMENTATION_COMMENTS = YES;
				CLANG_WARN_EMPTY_BODY = YES;
				CLANG_WARN_ENUM_CONVERSION = YES;
				CLANG_WARN_INFINITE_RECURSION = YES;
				CLANG_WARN_INT_CONVERSION = YES;
				CLANG_WARN_NON_LITERAL_NULL_CONVERSION = YES;
				CLANG_WARN_OBJC_IMPLICIT_RETAIN_SELF = YES;
				CLANG_WARN_OBJC_LITERAL_CONVERSION = YES;
				CLANG_WARN_OBJC_ROOT_CLASS = YES_ERROR;
				CLANG_WARN_QUOTED_INCLUDE_IN_FRAMEWORK_HEADER = YES;
				CLANG_WARN_RANGE_LOOP_ANALYSIS = YES;
				CLANG_WARN_STRICT_PROTOTYPES = YES;
				CLANG_WARN_SUSPICIOUS_MOVE = YES;
				CLANG_WARN_UNGUARDED_AVAILABILITY = YES_AGGRESSIVE;
				CLANG_WARN_UNREACHABLE_CODE = YES;
				CLANG_WARN__DUPLICATE_METHOD_MATCH = YES;
				COPY_PHASE_STRIP = NO;
				DEBUG_INFORMATION_FORMAT = "dwarf-with-dsym";
				ENABLE_NS_ASSERTIONS = NO;
				ENABLE_STRICT_OBJC_MSGSEND = YES;
				GCC_C_LANGUAGE_STANDARD = gnu11;
				GCC_NO_COMMON_BLOCKS = YES;
				GCC_WARN_64_TO_32_BIT_CONVERSION = YES;
				GCC_WARN_ABOUT_RETURN_TYPE = YES_ERROR;
				GCC_WARN_UNDECLARED_SELECTOR = YES;
				GCC_WARN_UNINITIALIZED_AUTOS = YES_AGGRESSIVE;
				GCC_WARN_UNUSED_FUNCTION = YES;
				GCC_WARN_UNUSED_VARIABLE = YES;
				MTL_ENABLE_DEBUG_INFO = NO;
				MTL_FAST_MATH = YES;
				PRODUCT_NAME = "$(TARGET_NAME)";
				SDKROOT = iphoneos;
				SWIFT_COMPILATION_MODE = wholemodule;
				SWIFT_OPTIMIZATION_LEVEL = "-O";
				SWIFT_VERSION = 5.0;
			};
			name = Release;
		};
		17C9768613AE02B12A1F428F /* Debug */ = {
			isa = XCBuildConfiguration;
			buildSettings = {
				ALWAYS_SEARCH_USER_PATHS = NO;
				CLANG_ANALYZER_NONNULL = YES;
				CLANG_ANALYZER_NUMBER_OBJECT_CONVERSION = YES_AGGRESSIVE;
				CLANG_CXX_LANGUAGE_STANDARD = "gnu++14";
				CLANG_CXX_LIBRARY = "libc++";
				CLANG_ENABLE_MODULES = YES;
				CLANG_ENABLE_OBJC_ARC = YES;
				CLANG_ENABLE_OBJC_WEAK = YES;
				CLANG_WARN_BLOCK_CAPTURE_AUTORELEASING = YES;
				CLANG_WARN_BOOL_CONVERSION = YES;
				CLANG_WARN_COMMA = YES;
				CLANG_WARN_CONSTANT_CONVERSION = YES;
				CLANG_WARN_DEPRECATED_OBJC_IMPLEMENTATIONS = YES;
				CLANG_WARN_DIRECT_OBJC_ISA_USAGE = YES_ERROR;
				CLANG_WARN_DOCUMENTATION_COMMENTS = YES;
				CLANG_WARN_EMPTY_BODY = YES;
				CLANG_WARN_ENUM_CONVERSION = YES;
				CLANG_WARN_INFINITE_RECURSION = YES;
				CLANG_WARN_INT_CONVERSION = YES;
				CLANG_WARN_NON_LITERAL_NULL_CONVERSION = YES;
				CLANG_WARN_OBJC_IMPLICIT_RETAIN_SELF = YES;
				CLANG_WARN_OBJC_LITERAL_CONVERSION = YES;
				CLANG_WARN_OBJC_ROOT_CLASS = YES_ERROR;
				CLANG_WARN_QUOTED_INCLUDE_IN_FRAMEWORK_HEADER = YES;
				CLANG_WARN_RANGE_LOOP_ANALYSIS = YES;
				CLANG_WARN_STRICT_PROTOTYPES = YES;
				CLANG_WARN_SUSPICIOUS_MOVE = YES;
				CLANG_WARN_UNGUARDED_AVAILABILITY = YES_AGGRESSIVE;
				CLANG_WARN_UNREACHABLE_CODE = YES;
				CLANG_WARN__DUPLICATE_METHOD_MATCH = YES;
				COPY_PHASE_STRIP = NO;
				DEBUG_INFORMATION_FORMAT = dwarf;
				ENABLE_STRICT_OBJC_MSGSEND = YES;
				ENABLE_TESTABILITY = YES;
				GCC_C_LANGUAGE_STANDARD = gnu11;
				GCC_DYNAMIC_NO_PIC = NO;
				GCC_NO_COMMON_BLOCKS = YES;
				GCC_OPTIMIZATION_LEVEL = 0;
				GCC_PREPROCESSOR_DEFINITIONS = (
					"$(inherited)",
					"DEBUG=1",
				);
				GCC_WARN_64_TO_32_BIT_CONVERSION = YES;
				GCC_WARN_ABOUT_RETURN_TYPE = YES_ERROR;
				GCC_WARN_UNDECLARED_SELECTOR = YES;
				GCC_WARN_UNINITIALIZED_AUTOS = YES_AGGRESSIVE;
				GCC_WARN_UNUSED_FUNCTION = YES;
				GCC_WARN_UNUSED_VARIABLE = YES;
				MTL_ENABLE_DEBUG_INFO = INCLUDE_SOURCE;
				MTL_FAST_MATH = YES;
				ONLY_ACTIVE_ARCH = YES;
				PRODUCT_NAME = "$(TARGET_NAME)";
				SDKROOT = iphoneos;
				SWIFT_ACTIVE_COMPILATION_CONDITIONS = DEBUG;
				SWIFT_OPTIMIZATION_LEVEL = "-Onone";
				SWIFT_VERSION = 5.0;
			};
			name = Debug;
		};
		2BB1E1262F0E97C9AB91C52D /* Debug */ = {
			isa = XCBuildConfiguration;
			buildSettings = {
				ASSETCATALOG_COMPILER_APPICON_NAME = AppIcon;
				ASSETCATALOG_COMPILER_GLOBAL_ACCENT_COLOR_NAME = AccentColor;
				CODE_SIGNING_ALLOWED = NO;
				CODE_SIGN_IDENTITY = "";
				CODE_SIGN_STYLE = Manual;
				DEVELOPMENT_TEAM = "";
				GENERATE_INFOPLIST_FILE = YES;
				INFOPLIST_KEY_UIApplicationSceneManifest_Generation = YES;
				INFOPLIST_KEY_UIApplicationSupportsIndirectInputEvents = YES;
				INFOPLIST_KEY_UILaunchScreen_Generation = YES;
				IPHONEOS_DEPLOYMENT_TARGET = 18.0;
				LD_RUNPATH_SEARCH_PATHS = (
					"$(inherited)",
					"@executable_path/Frameworks",
				);
				PRODUCT_BUNDLE_IDENTIFIER = com.sunkit.example;
				PRODUCT_NAME = SunKitExample;
				SDKROOT = iphoneos;
				TARGETED_DEVICE_FAMILY = "1,2";
			};
			name = Debug;
		};
		A3E4A3D82FC60CC70051BB28 /* Debug */ = {
			isa = XCBuildConfiguration;
			buildSettings = {
				ASSETCATALOG_COMPILER_GENERATE_SWIFT_ASSET_SYMBOL_EXTENSIONS = YES;
				CLANG_CXX_LANGUAGE_STANDARD = "gnu++20";
				CODE_SIGN_STYLE = Automatic;
				CURRENT_PROJECT_VERSION = 1;
				DEVELOPMENT_TEAM = L289H6Z6JS;
				ENABLE_USER_SCRIPT_SANDBOXING = YES;
				GCC_C_LANGUAGE_STANDARD = gnu17;
				GCC_PREPROCESSOR_DEFINITIONS = (
					"DEBUG=1",
					"$(inherited)",
				);
				GENERATE_INFOPLIST_FILE = YES;
				IPHONEOS_DEPLOYMENT_TARGET = 18.0;
				LOCALIZATION_PREFERS_STRING_CATALOGS = YES;
				MARKETING_VERSION = 1.0;
				PRODUCT_BUNDLE_IDENTIFIER = com.sunkit.example.SunKitExampleUITests;
				PRODUCT_NAME = "$(TARGET_NAME)";
				STRING_CATALOG_GENERATE_SYMBOLS = NO;
				SWIFT_ACTIVE_COMPILATION_CONDITIONS = "DEBUG $(inherited)";
				SWIFT_APPROACHABLE_CONCURRENCY = YES;
				SWIFT_EMIT_LOC_STRINGS = NO;
				SWIFT_UPCOMING_FEATURE_MEMBER_IMPORT_VISIBILITY = YES;
				SWIFT_VERSION = 5.0;
				TARGETED_DEVICE_FAMILY = "1,2";
				TEST_TARGET_NAME = SunKitExample;
			};
			name = Debug;
		};
		A3E4A3D92FC60CC70051BB28 /* Release */ = {
			isa = XCBuildConfiguration;
			buildSettings = {
				ASSETCATALOG_COMPILER_GENERATE_SWIFT_ASSET_SYMBOL_EXTENSIONS = YES;
				CLANG_CXX_LANGUAGE_STANDARD = "gnu++20";
				CODE_SIGN_STYLE = Automatic;
				CURRENT_PROJECT_VERSION = 1;
				DEVELOPMENT_TEAM = L289H6Z6JS;
				ENABLE_USER_SCRIPT_SANDBOXING = YES;
				GCC_C_LANGUAGE_STANDARD = gnu17;
				GENERATE_INFOPLIST_FILE = YES;
				IPHONEOS_DEPLOYMENT_TARGET = 18.0;
				LOCALIZATION_PREFERS_STRING_CATALOGS = YES;
				MARKETING_VERSION = 1.0;
				PRODUCT_BUNDLE_IDENTIFIER = com.sunkit.example.SunKitExampleUITests;
				PRODUCT_NAME = "$(TARGET_NAME)";
				STRING_CATALOG_GENERATE_SYMBOLS = NO;
				SWIFT_APPROACHABLE_CONCURRENCY = YES;
				SWIFT_EMIT_LOC_STRINGS = NO;
				SWIFT_UPCOMING_FEATURE_MEMBER_IMPORT_VISIBILITY = YES;
				SWIFT_VERSION = 5.0;
				TARGETED_DEVICE_FAMILY = "1,2";
				TEST_TARGET_NAME = SunKitExample;
				VALIDATE_PRODUCT = YES;
			};
			name = Release;
		};
		DA76DC2F33434B7CCED9D5F4 /* Release */ = {
			isa = XCBuildConfiguration;
			buildSettings = {
				ASSETCATALOG_COMPILER_APPICON_NAME = AppIcon;
				ASSETCATALOG_COMPILER_GLOBAL_ACCENT_COLOR_NAME = AccentColor;
				CODE_SIGNING_ALLOWED = NO;
				CODE_SIGN_IDENTITY = "";
				CODE_SIGN_STYLE = Manual;
				DEVELOPMENT_TEAM = "";
				GENERATE_INFOPLIST_FILE = YES;
				INFOPLIST_KEY_UIApplicationSceneManifest_Generation = YES;
				INFOPLIST_KEY_UIApplicationSupportsIndirectInputEvents = YES;
				INFOPLIST_KEY_UILaunchScreen_Generation = YES;
				IPHONEOS_DEPLOYMENT_TARGET = 18.0;
				LD_RUNPATH_SEARCH_PATHS = (
					"$(inherited)",
					"@executable_path/Frameworks",
				);
				PRODUCT_BUNDLE_IDENTIFIER = com.sunkit.example;
				PRODUCT_NAME = SunKitExample;
				SDKROOT = iphoneos;
				TARGETED_DEVICE_FAMILY = "1,2";
			};
			name = Release;
		};
/* End XCBuildConfiguration section */

/* Begin XCConfigurationList section */
		1C1FD78D5064AB253EC68BF8 /* Build configuration list for PBXProject "SunKitExample" */ = {
			isa = XCConfigurationList;
			buildConfigurations = (
				17C9768613AE02B12A1F428F /* Debug */,
				0CACACCA878A6298A826906D /* Release */,
			);
			defaultConfigurationIsVisible = 0;
			defaultConfigurationName = Debug;
		};
		9068C5C21C78CB135990FA60 /* Build configuration list for PBXNativeTarget "SunKitExample" */ = {
			isa = XCConfigurationList;
			buildConfigurations = (
				2BB1E1262F0E97C9AB91C52D /* Debug */,
				DA76DC2F33434B7CCED9D5F4 /* Release */,
			);
			defaultConfigurationIsVisible = 0;
			defaultConfigurationName = Debug;
		};
		A3E4A3DA2FC60CC70051BB28 /* Build configuration list for PBXNativeTarget "SunKitExampleUITests" */ = {
			isa = XCConfigurationList;
			buildConfigurations = (
				A3E4A3D82FC60CC70051BB28 /* Debug */,
				A3E4A3D92FC60CC70051BB28 /* Release */,
			);
			defaultConfigurationIsVisible = 0;
			defaultConfigurationName = Debug;
		};
/* End XCConfigurationList section */

/* Begin XCLocalSwiftPackageReference section */
		1576202E9CE8B79CE470EA95 /* XCLocalSwiftPackageReference "../.." */ = {
			isa = XCLocalSwiftPackageReference;
			relativePath = ../..;
		};
/* End XCLocalSwiftPackageReference section */

/* Begin XCSwiftPackageProductDependency section */
		839B6107A0C06342A090A156 /* SunKit */ = {
			isa = XCSwiftPackageProductDependency;
			productName = SunKit;
		};
		B946C2801AFA044094527D0F /* SunKitSwiftUI */ = {
			isa = XCSwiftPackageProductDependency;
			productName = SunKitSwiftUI;
		};
/* End XCSwiftPackageProductDependency section */
	};
	rootObject = 92882365D402AB7B3412DC9A /* Project object */;
}
